
Microsoft Visual Studio Solution File, Format Version 12.00
# Visual Studio 2017
Project("{FAE04EC0-301F-11D3-BF4B-00C04F79EFBC}") = "Camazotz_UnityProj_BackUp", "Camazotz_UnityProj_BackUp.csproj", "{C9E6D25B-BC94-BB0D-1747-0A68316E1A94}"
EndProject
Global
	GlobalSection(SolutionConfigurationPlatforms) = preSolution
		Debug|Any CPU = Debug|Any CPU
		Release|Any CPU = Release|Any CPU
	EndGlobalSection
	GlobalSection(ProjectConfigurationPlatforms) = postSolution
		{C9E6D25B-BC94-BB0D-1747-0A68316E1A94}.Debug|Any CPU.ActiveCfg = Debug|Any CPU
		{C9E6D25B-BC94-BB0D-1747-0A68316E1A94}.Debug|Any CPU.Build.0 = Debug|Any CPU
		{C9E6D25B-BC94-BB0D-1747-0A68316E1A94}.Release|Any CPU.ActiveCfg = Release|Any CPU
		{C9E6D25B-BC94-BB0D-1747-0A68316E1A94}.Release|Any CPU.Build.0 = Release|Any CPU
	EndGlobalSection
	GlobalSection(SolutionProperties) = preSolution
		HideSolutionNode = FALSE
	EndGlobalSection
EndGlobal
